# Pinned Debian installer base image for reproducible NM-OS installer builds.
# Override with NMOS_BASE_INSTALLER_BASE_URL / NMOS_BASE_INSTALLER_ISO_FILE / NMOS_BASE_INSTALLER_SHA256 when needed.
BASE_URL=https://cdimage.debian.org/debian-cd/13.7.0/amd64/iso-cd
ISO_FILE=debian-13.7.0-amd64-netinst.iso
SHA256=a7ef94ac2fb9a7fec454552abd629b7cc9d5155c886165a45649f5ce6167e355
